// !$*UTF8*$!
{
	archiveVersion = 1;
	classes = {
	};
	objectVersion = 54;
	objects = {

/* Begin PBXBuildFile section */
		00E356F31AD99517003FC87E /* BBTestTests.m in Sources */ = {isa = PBXBuildFile; fileRef = 00E356F21AD99517003FC87E /* BBTestTests.m */; };
		13B07FBC1A68108700A75B9A /* AppDelegate.m in Sources */ = {isa = PBXBuildFile; fileRef = 13B07FB01A68108700A75B9A /* AppDelegate.m */; };
		13B07FBF1A68108700A75B9A /* Images.xcassets in Resources */ = {isa = PBXBuildFile; fileRef = 13B07FB51A68108700A75B9A /* Images.xcassets */; };
		13B07FC11A68108700A75B9A /* main.m in Sources */ = {isa = PBXBuildFile; fileRef = 13B07FB71A68108700A75B9A /* main.m */; };
		1E940022FB5DBFB509CA8A9D /* libPods-BBTest.a in Frameworks */ = {isa = PBXBuildFile; fileRef = 2D4B63E1FF2125719D29A75C /* libPods-BBTest.a */; };
		49F099E9A8CF227E00AA3CC6 /* AssetsLibrary.framework in Frameworks */ = {isa = PBXBuildFile; fileRef = DA492311BF01D9CA3744B1F8 /* AssetsLibrary.framework */; };
		6C695AD29FBEE454C461C319 /* WebKit.framework in Frameworks */ = {isa = PBXBuildFile; fileRef = 54A9EDBE0A061D8790CF37BC /* WebKit.framework */; };
		6EF42298403295A2B327EF23 /* LocalAuthentication.framework in Frameworks */ = {isa = PBXBuildFile; fileRef = F82C7BAA2E345570BDE5A83D /* LocalAuthentication.framework */; };
		6F37870C53B0072CCE990ED1 /* Security.framework in Frameworks */ = {isa = PBXBuildFile; fileRef = AE31C51302E80AAA8D26496D /* Security.framework */; };
		81AB9BB82411601600AC10FF /* LaunchScreen.storyboard in Resources */ = {isa = PBXBuildFile; fileRef = 81AB9BB72411601600AC10FF /* LaunchScreen.storyboard */; };
		87844659E184AD199674F53B /* libz.tbd in Frameworks */ = {isa = PBXBuildFile; fileRef = FEA797D85DF4011AB2C788E4 /* libz.tbd */; };
		948148C8754ECEFE7A6F9DF1 /* libPods-BBTest-BBTestTests.a in Frameworks */ = {isa = PBXBuildFile; fileRef = 5D85EBB6B326D12C893EDFFB /* libPods-BBTest-BBTestTests.a */; };
		9DC16398F8BB683F9DD860D4 /* CoreGraphics.framework in Frameworks */ = {isa = PBXBuildFile; fileRef = FCF7BF3463BD717681166D03 /* CoreGraphics.framework */; };
		A3EBBEBADD0EF0E75AC28777 /* CoreTelephony.framework in Frameworks */ = {isa = PBXBuildFile; fileRef = 26ED3679A1B2F5375B3019F0 /* CoreTelephony.framework */; };
		A703390B8F9036E913850FF5 /* MessageUI.framework in Frameworks */ = {isa = PBXBuildFile; fileRef = 64701A28055D10454215818E /* MessageUI.framework */; };
		A868996249ABB59984FE214E /* SystemConfiguration.framework in Frameworks */ = {isa = PBXBuildFile; fileRef = 12A070578E946F234025D52E /* SystemConfiguration.framework */; };
		B0ABF29319D781B65FFF9566 /* SafariServices.framework in Frameworks */ = {isa = PBXBuildFile; fileRef = 11E569CBA43369E659E2347F /* SafariServices.framework */; };
		C0BFA6667A8C35010B7DDABD /* MobileCoreServices.framework in Frameworks */ = {isa = PBXBuildFile; fileRef = 02D8A0B34FFABC6E6B73ADFE /* MobileCoreServices.framework */; };
		CF7E8EDF35A2F440025B6D77 /* CFNetwork.framework in Frameworks */ = {isa = PBXBuildFile; fileRef = 6E3B10ABA5C8C20B8BF88449 /* CFNetwork.framework */; };
		D0306C7F7FBD8B65E00DE627 /* libnetwork.tbd in Frameworks */ = {isa = PBXBuildFile; fileRef = 4A55910E4FCE664EE9A497C2 /* libnetwork.tbd */; };
		D0BD53A1832DF2773DC00610 /* development-tools-info.json in Resources */ = {isa = PBXBuildFile; fileRef = 8CFE553A801D701F453E97F3 /* development-tools-info.json */; };
		D5184F78D6FCC6A77A2D0EFB /* DeviceCheck.framework in Frameworks */ = {isa = PBXBuildFile; fileRef = 0D7484F11EDF49CBD524554B /* DeviceCheck.framework */; };
		E326987B6FD8190AD882BBCB /* InfoPlist.strings in Resources */ = {isa = PBXBuildFile; fileRef = 1E095D2CBF96861BF5201E89 /* InfoPlist.strings */; };
		E7BE18A409E3F6811B111C70 /* CoreData.framework in Frameworks */ = {isa = PBXBuildFile; fileRef = 0BEDEE7BFA9CD2D684B1E6C0 /* CoreData.framework */; };
		F261BC6478BE1499FDA4B63C /* AuthenticationServices.framework in Frameworks */ = {isa = PBXBuildFile; fileRef = 3942BEEAA05D4505A6DFC439 /* AuthenticationServices.framework */; };
		F97B24B63B2EA047D5907098 /* QuartzCore.framework in Frameworks */ = {isa = PBXBuildFile; fileRef = EDD638BCB0E41A51D2385084 /* QuartzCore.framework */; };
/* End PBXBuildFile section */

/* Begin PBXContainerItemProxy section */
		00E356F41AD99517003FC87E /* PBXContainerItemProxy */ = {
			isa = PBXContainerItemProxy;
			containerPortal = 83CBB9F71A601CBA00E9B192 /* Project object */;
			proxyType = 1;
			remoteGlobalIDString = 13B07F861A680F5B00A75B9A;
			remoteInfo = BBTest;
		};
/* End PBXContainerItemProxy section */

/* Begin PBXFileReference section */
		00E356EE1AD99517003FC87E /* BBTestTests.xctest */ = {isa = PBXFileReference; explicitFileType = wrapper.cfbundle; includeInIndex = 0; path = BBTestTests.xctest; sourceTree = BUILT_PRODUCTS_DIR; };
		00E356F11AD99517003FC87E /* Info.plist */ = {isa = PBXFileReference; lastKnownFileType = text.plist.xml; path = Info.plist; sourceTree = "<group>"; };
		00E356F21AD99517003FC87E /* BBTestTests.m */ = {isa = PBXFileReference; lastKnownFileType = sourcecode.c.objc; path = BBTestTests.m; sourceTree = "<group>"; };
		02D8A0B34FFABC6E6B73ADFE /* MobileCoreServices.framework */ = {isa = PBXFileReference; lastKnownFileType = wrapper.framework; name = MobileCoreServices.framework; path = Platforms/iPhoneOS.platform/Developer/SDKs/iPhoneOS14.0.sdk/System/Library/Frameworks/MobileCoreServices.framework; sourceTree = DEVELOPER_DIR; };
		0BEDEE7BFA9CD2D684B1E6C0 /* CoreData.framework */ = {isa = PBXFileReference; lastKnownFileType = wrapper.framework; name = CoreData.framework; path = Platforms/iPhoneOS.platform/Developer/SDKs/iPhoneOS14.0.sdk/System/Library/Frameworks/CoreData.framework; sourceTree = DEVELOPER_DIR; };
		0D7484F11EDF49CBD524554B /* DeviceCheck.framework */ = {isa = PBXFileReference; lastKnownFileType = wrapper.framework; name = DeviceCheck.framework; path = Platforms/iPhoneOS.platform/Developer/SDKs/iPhoneOS14.0.sdk/System/Library/Frameworks/DeviceCheck.framework; sourceTree = DEVELOPER_DIR; };
		119C144E942798E8B4B6EA99 /* InfoPlist.strings */ = {isa = PBXFileReference; includeInIndex = 1; lastKnownFileType = text.plist.strings; name = InfoPlist.strings; path = "../node_modules/BlackBerry-Dynamics-for-React-Native-Base/ios/resources/localization/ja.lproj/InfoPlist.strings"; sourceTree = "<group>"; };
		11E569CBA43369E659E2347F /* SafariServices.framework */ = {isa = PBXFileReference; lastKnownFileType = wrapper.framework; name = SafariServices.framework; path = Platforms/iPhoneOS.platform/Developer/SDKs/iPhoneOS14.0.sdk/System/Library/Frameworks/SafariServices.framework; sourceTree = DEVELOPER_DIR; };
		12A070578E946F234025D52E /* SystemConfiguration.framework */ = {isa = PBXFileReference; lastKnownFileType = wrapper.framework; name = SystemConfiguration.framework; path = Platforms/iPhoneOS.platform/Developer/SDKs/iPhoneOS14.0.sdk/System/Library/Frameworks/SystemConfiguration.framework; sourceTree = DEVELOPER_DIR; };
		13B07F961A680F5B00A75B9A /* BBTest.app */ = {isa = PBXFileReference; explicitFileType = wrapper.application; includeInIndex = 0; path = BBTest.app; sourceTree = BUILT_PRODUCTS_DIR; };
		13B07FAF1A68108700A75B9A /* AppDelegate.h */ = {isa = PBXFileReference; fileEncoding = 4; lastKnownFileType = sourcecode.c.h; name = AppDelegate.h; path = BBTest/AppDelegate.h; sourceTree = "<group>"; };
		13B07FB01A68108700A75B9A /* AppDelegate.m */ = {isa = PBXFileReference; fileEncoding = 4; lastKnownFileType = sourcecode.c.objc; name = AppDelegate.m; path = BBTest/AppDelegate.m; sourceTree = "<group>"; };
		13B07FB51A68108700A75B9A /* Images.xcassets */ = {isa = PBXFileReference; lastKnownFileType = folder.assetcatalog; name = Images.xcassets; path = BBTest/Images.xcassets; sourceTree = "<group>"; };
		13B07FB61A68108700A75B9A /* Info.plist */ = {isa = PBXFileReference; fileEncoding = 4; lastKnownFileType = text.plist.xml; name = Info.plist; path = BBTest/Info.plist; sourceTree = "<group>"; };
		13B07FB71A68108700A75B9A /* main.m */ = {isa = PBXFileReference; fileEncoding = 4; lastKnownFileType = sourcecode.c.objc; name = main.m; path = BBTest/main.m; sourceTree = "<group>"; };
		16063D190746F10D15983019 /* InfoPlist.strings */ = {isa = PBXFileReference; includeInIndex = 1; lastKnownFileType = text.plist.strings; name = InfoPlist.strings; path = "../node_modules/BlackBerry-Dynamics-for-React-Native-Base/ios/resources/localization/de.lproj/InfoPlist.strings"; sourceTree = "<group>"; };
		257C7FA0C2B157855E305E82 /* InfoPlist.strings */ = {isa = PBXFileReference; includeInIndex = 1; lastKnownFileType = text.plist.strings; name = InfoPlist.strings; path = "../node_modules/BlackBerry-Dynamics-for-React-Native-Base/ios/resources/localization/zh-Hans.lproj/InfoPlist.strings"; sourceTree = "<group>"; };
		26ED3679A1B2F5375B3019F0 /* CoreTelephony.framework */ = {isa = PBXFileReference; lastKnownFileType = wrapper.framework; name = CoreTelephony.framework; path = Platforms/iPhoneOS.platform/Developer/SDKs/iPhoneOS14.0.sdk/System/Library/Frameworks/CoreTelephony.framework; sourceTree = DEVELOPER_DIR; };
		2D4B63E1FF2125719D29A75C /* libPods-BBTest.a */ = {isa = PBXFileReference; explicitFileType = archive.ar; includeInIndex = 0; path = "libPods-BBTest.a"; sourceTree = BUILT_PRODUCTS_DIR; };
		301DCB08889A5BE811138874 /* InfoPlist.strings */ = {isa = PBXFileReference; includeInIndex = 1; lastKnownFileType = text.plist.strings; name = InfoPlist.strings; path = "../node_modules/BlackBerry-Dynamics-for-React-Native-Base/ios/resources/localization/es.lproj/InfoPlist.strings"; sourceTree = "<group>"; };
		368EF86A2990B1CBF2D7FC31 /* InfoPlist.strings */ = {isa = PBXFileReference; includeInIndex = 1; lastKnownFileType = text.plist.strings; name = InfoPlist.strings; path = "../node_modules/BlackBerry-Dynamics-for-React-Native-Base/ios/resources/localization/pt-PT.lproj/InfoPlist.strings"; sourceTree = "<group>"; };
		3942BEEAA05D4505A6DFC439 /* AuthenticationServices.framework */ = {isa = PBXFileReference; lastKnownFileType = wrapper.framework; name = AuthenticationServices.framework; path = Platforms/iPhoneOS.platform/Developer/SDKs/iPhoneOS14.0.sdk/System/Library/Frameworks/AuthenticationServices.framework; sourceTree = DEVELOPER_DIR; };
		4A55910E4FCE664EE9A497C2 /* libnetwork.tbd */ = {isa = PBXFileReference; includeInIndex = 1; lastKnownFileType = "sourcecode.text-based-dylib-definition"; name = libnetwork.tbd; path = usr/lib/libnetwork.tbd; sourceTree = SDKROOT; };
		54A9EDBE0A061D8790CF37BC /* WebKit.framework */ = {isa = PBXFileReference; lastKnownFileType = wrapper.framework; name = WebKit.framework; path = Platforms/iPhoneOS.platform/Developer/SDKs/iPhoneOS14.0.sdk/System/Library/Frameworks/WebKit.framework; sourceTree = DEVELOPER_DIR; };
		5C41A6AC07DFEFC54DAC6751 /* InfoPlist.strings */ = {isa = PBXFileReference; includeInIndex = 1; lastKnownFileType = text.plist.strings; name = InfoPlist.strings; path = "../node_modules/BlackBerry-Dynamics-for-React-Native-Base/ios/resources/localization/it.lproj/InfoPlist.strings"; sourceTree = "<group>"; };
		5D85EBB6B326D12C893EDFFB /* libPods-BBTest-BBTestTests.a */ = {isa = PBXFileReference; explicitFileType = archive.ar; includeInIndex = 0; path = "libPods-BBTest-BBTestTests.a"; sourceTree = BUILT_PRODUCTS_DIR; };
		64701A28055D10454215818E /* MessageUI.framework */ = {isa = PBXFileReference; lastKnownFileType = wrapper.framework; name = MessageUI.framework; path = Platforms/iPhoneOS.platform/Developer/SDKs/iPhoneOS14.0.sdk/System/Library/Frameworks/MessageUI.framework; sourceTree = DEVELOPER_DIR; };
		6E3B10ABA5C8C20B8BF88449 /* CFNetwork.framework */ = {isa = PBXFileReference; lastKnownFileType = wrapper.framework; name = CFNetwork.framework; path = Platforms/iPhoneOS.platform/Developer/SDKs/iPhoneOS14.0.sdk/System/Library/Frameworks/CFNetwork.framework; sourceTree = DEVELOPER_DIR; };
		725EAA14C6188CFFA7E40A63 /* Pods-BBTest-BBTestTests.debug.xcconfig */ = {isa = PBXFileReference; includeInIndex = 1; lastKnownFileType = text.xcconfig; name = "Pods-BBTest-BBTestTests.debug.xcconfig"; path = "Target Support Files/Pods-BBTest-BBTestTests/Pods-BBTest-BBTestTests.debug.xcconfig"; sourceTree = "<group>"; };
		7ED756FC05D4DBAD30885D4B /* InfoPlist.strings */ = {isa = PBXFileReference; includeInIndex = 1; lastKnownFileType = text.plist.strings; name = InfoPlist.strings; path = "../node_modules/BlackBerry-Dynamics-for-React-Native-Base/ios/resources/localization/nl.lproj/InfoPlist.strings"; sourceTree = "<group>"; };
		81AB9BB72411601600AC10FF /* LaunchScreen.storyboard */ = {isa = PBXFileReference; fileEncoding = 4; lastKnownFileType = file.storyboard; name = LaunchScreen.storyboard; path = BBTest/LaunchScreen.storyboard; sourceTree = "<group>"; };
		8CFE553A801D701F453E97F3 /* development-tools-info.json */ = {isa = PBXFileReference; includeInIndex = 1; lastKnownFileType = text.json; name = "development-tools-info.json"; path = "bbtest/Resources/development-tools-info.json"; sourceTree = SOURCE_ROOT; };
		9150833D81AACCF53339A720 /* InfoPlist.strings */ = {isa = PBXFileReference; includeInIndex = 1; lastKnownFileType = text.plist.strings; name = InfoPlist.strings; path = "../node_modules/BlackBerry-Dynamics-for-React-Native-Base/ios/resources/localization/ko.lproj/InfoPlist.strings"; sourceTree = "<group>"; };
		9A1BAA9F314D2D5E2A76BC17 /* InfoPlist.strings */ = {isa = PBXFileReference; includeInIndex = 1; lastKnownFileType = text.plist.strings; name = InfoPlist.strings; path = "../node_modules/BlackBerry-Dynamics-for-React-Native-Base/ios/resources/localization/en.lproj/InfoPlist.strings"; sourceTree = "<group>"; };
		A04F70FD8D28A9B09A90DCD5 /* InfoPlist.strings */ = {isa = PBXFileReference; includeInIndex = 1; lastKnownFileType = text.plist.strings; name = InfoPlist.strings; path = "../node_modules/BlackBerry-Dynamics-for-React-Native-Base/ios/resources/localization/fr.lproj/InfoPlist.strings"; sourceTree = "<group>"; };
		A358DD86E3BCD9C8FF9A5DA2 /* Pods-BBTest.release.xcconfig */ = {isa = PBXFileReference; includeInIndex = 1; lastKnownFileType = text.xcconfig; name = "Pods-BBTest.release.xcconfig"; path = "Target Support Files/Pods-BBTest/Pods-BBTest.release.xcconfig"; sourceTree = "<group>"; };
		A9C2B50CDB2F9DF4ADC2C6BB /* InfoPlist.strings */ = {isa = PBXFileReference; includeInIndex = 1; lastKnownFileType = text.plist.strings; name = InfoPlist.strings; path = "../node_modules/BlackBerry-Dynamics-for-React-Native-Base/ios/resources/localization/sv.lproj/InfoPlist.strings"; sourceTree = "<group>"; };
		AE31C51302E80AAA8D26496D /* Security.framework */ = {isa = PBXFileReference; lastKnownFileType = wrapper.framework; name = Security.framework; path = Platforms/iPhoneOS.platform/Developer/SDKs/iPhoneOS14.0.sdk/System/Library/Frameworks/Security.framework; sourceTree = DEVELOPER_DIR; };
		AF98DEFC67E3B455B919F030 /* Pods-BBTest-BBTestTests.release.xcconfig */ = {isa = PBXFileReference; includeInIndex = 1; lastKnownFileType = text.xcconfig; name = "Pods-BBTest-BBTestTests.release.xcconfig"; path = "Target Support Files/Pods-BBTest-BBTestTests/Pods-BBTest-BBTestTests.release.xcconfig"; sourceTree = "<group>"; };
		C158F0B1F3D95213C46271F5 /* InfoPlist.strings */ = {isa = PBXFileReference; includeInIndex = 1; lastKnownFileType = text.plist.strings; name = InfoPlist.strings; path = "../node_modules/BlackBerry-Dynamics-for-React-Native-Base/ios/resources/localization/pt.lproj/InfoPlist.strings"; sourceTree = "<group>"; };
		DA492311BF01D9CA3744B1F8 /* AssetsLibrary.framework */ = {isa = PBXFileReference; lastKnownFileType = wrapper.framework; name = AssetsLibrary.framework; path = Platforms/iPhoneOS.platform/Developer/SDKs/iPhoneOS14.0.sdk/System/Library/Frameworks/AssetsLibrary.framework; sourceTree = DEVELOPER_DIR; };
		E4E64C60ABA2410F7998B5B2 /* Pods-BBTest.debug.xcconfig */ = {isa = PBXFileReference; includeInIndex = 1; lastKnownFileType = text.xcconfig; name = "Pods-BBTest.debug.xcconfig"; path = "Target Support Files/Pods-BBTest/Pods-BBTest.debug.xcconfig"; sourceTree = "<group>"; };
		ED297162215061F000B7C4FE /* JavaScriptCore.framework */ = {isa = PBXFileReference; lastKnownFileType = wrapper.framework; name = JavaScriptCore.framework; path = System/Library/Frameworks/JavaScriptCore.framework; sourceTree = SDKROOT; };
		EDD638BCB0E41A51D2385084 /* QuartzCore.framework */ = {isa = PBXFileReference; lastKnownFileType = wrapper.framework; name = QuartzCore.framework; path = Platforms/iPhoneOS.platform/Developer/SDKs/iPhoneOS14.0.sdk/System/Library/Frameworks/QuartzCore.framework; sourceTree = DEVELOPER_DIR; };
		EE22C7216F38FFDE8FA929FB /* InfoPlist.strings */ = {isa = PBXFileReference; includeInIndex = 1; lastKnownFileType = text.plist.strings; name = InfoPlist.strings; path = "../node_modules/BlackBerry-Dynamics-for-React-Native-Base/ios/resources/localization/da.lproj/InfoPlist.strings"; sourceTree = "<group>"; };
		F82C7BAA2E345570BDE5A83D /* LocalAuthentication.framework */ = {isa = PBXFileReference; lastKnownFileType = wrapper.framework; name = LocalAuthentication.framework; path = Platforms/iPhoneOS.platform/Developer/SDKs/iPhoneOS14.0.sdk/System/Library/Frameworks/LocalAuthentication.framework; sourceTree = DEVELOPER_DIR; };
		FCF7BF3463BD717681166D03 /* CoreGraphics.framework */ = {isa = PBXFileReference; lastKnownFileType = wrapper.framework; name = CoreGraphics.framework; path = Platforms/iPhoneOS.platform/Developer/SDKs/iPhoneOS14.0.sdk/System/Library/Frameworks/CoreGraphics.framework; sourceTree = DEVELOPER_DIR; };
		FEA797D85DF4011AB2C788E4 /* libz.tbd */ = {isa = PBXFileReference; includeInIndex = 1; lastKnownFileType = "sourcecode.text-based-dylib-definition"; name = libz.tbd; path = usr/lib/libz.tbd; sourceTree = SDKROOT; };
/* End PBXFileReference section */

/* Begin PBXFrameworksBuildPhase section */
		00E356EB1AD99517003FC87E /* Frameworks */ = {
			isa = PBXFrameworksBuildPhase;
			buildActionMask = 2147483647;
			files = (
				948148C8754ECEFE7A6F9DF1 /* libPods-BBTest-BBTestTests.a in Frameworks */,
			);
			runOnlyForDeploymentPostprocessing = 0;
		};
		13B07F8C1A680F5B00A75B9A /* Frameworks */ = {
			isa = PBXFrameworksBuildPhase;
			buildActionMask = 2147483647;
			files = (
				1E940022FB5DBFB509CA8A9D /* libPods-BBTest.a in Frameworks */,
				6C695AD29FBEE454C461C319 /* WebKit.framework in Frameworks */,
				6EF42298403295A2B327EF23 /* LocalAuthentication.framework in Frameworks */,
				D5184F78D6FCC6A77A2D0EFB /* DeviceCheck.framework in Frameworks */,
				CF7E8EDF35A2F440025B6D77 /* CFNetwork.framework in Frameworks */,
				E7BE18A409E3F6811B111C70 /* CoreData.framework in Frameworks */,
				A3EBBEBADD0EF0E75AC28777 /* CoreTelephony.framework in Frameworks */,
				F97B24B63B2EA047D5907098 /* QuartzCore.framework in Frameworks */,
				6F37870C53B0072CCE990ED1 /* Security.framework in Frameworks */,
				A703390B8F9036E913850FF5 /* MessageUI.framework in Frameworks */,
				A868996249ABB59984FE214E /* SystemConfiguration.framework in Frameworks */,
				C0BFA6667A8C35010B7DDABD /* MobileCoreServices.framework in Frameworks */,
				9DC16398F8BB683F9DD860D4 /* CoreGraphics.framework in Frameworks */,
				49F099E9A8CF227E00AA3CC6 /* AssetsLibrary.framework in Frameworks */,
				B0ABF29319D781B65FFF9566 /* SafariServices.framework in Frameworks */,
				F261BC6478BE1499FDA4B63C /* AuthenticationServices.framework in Frameworks */,
				87844659E184AD199674F53B /* libz.tbd in Frameworks */,
				D0306C7F7FBD8B65E00DE627 /* libnetwork.tbd in Frameworks */,
			);
			runOnlyForDeploymentPostprocessing = 0;
		};
/* End PBXFrameworksBuildPhase section */

/* Begin PBXGroup section */
		00E356EF1AD99517003FC87E /* BBTestTests */ = {
			isa = PBXGroup;
			children = (
				00E356F21AD99517003FC87E /* BBTestTests.m */,
				00E356F01AD99517003FC87E /* Supporting Files */,
			);
			path = BBTestTests;
			sourceTree = "<group>";
		};
		00E356F01AD99517003FC87E /* Supporting Files */ = {
			isa = PBXGroup;
			children = (
				00E356F11AD99517003FC87E /* Info.plist */,
			);
			name = "Supporting Files";
			sourceTree = "<group>";
		};
		034CAFEA358CBADA79F27C47 /* Pods */ = {
			isa = PBXGroup;
			children = (
				E4E64C60ABA2410F7998B5B2 /* Pods-BBTest.debug.xcconfig */,
				A358DD86E3BCD9C8FF9A5DA2 /* Pods-BBTest.release.xcconfig */,
				725EAA14C6188CFFA7E40A63 /* Pods-BBTest-BBTestTests.debug.xcconfig */,
				AF98DEFC67E3B455B919F030 /* Pods-BBTest-BBTestTests.release.xcconfig */,
			);
			path = Pods;
			sourceTree = "<group>";
		};
		13B07FAE1A68108700A75B9A /* BBTest */ = {
			isa = PBXGroup;
			children = (
				13B07FAF1A68108700A75B9A /* AppDelegate.h */,
				13B07FB01A68108700A75B9A /* AppDelegate.m */,
				13B07FB51A68108700A75B9A /* Images.xcassets */,
				13B07FB61A68108700A75B9A /* Info.plist */,
				81AB9BB72411601600AC10FF /* LaunchScreen.storyboard */,
				13B07FB71A68108700A75B9A /* main.m */,
				8CFE553A801D701F453E97F3 /* development-tools-info.json */,
				1E095D2CBF96861BF5201E89 /* InfoPlist.strings */,
			);
			name = BBTest;
			sourceTree = "<group>";
		};
		2D16E6871FA4F8E400B85C8A /* Frameworks */ = {
			isa = PBXGroup;
			children = (
				ED297162215061F000B7C4FE /* JavaScriptCore.framework */,
				2D4B63E1FF2125719D29A75C /* libPods-BBTest.a */,
				5D85EBB6B326D12C893EDFFB /* libPods-BBTest-BBTestTests.a */,
				FE1E4B00178D219706F58535 /* iOS */,
				FEA797D85DF4011AB2C788E4 /* libz.tbd */,
				4A55910E4FCE664EE9A497C2 /* libnetwork.tbd */,
			);
			name = Frameworks;
			sourceTree = "<group>";
		};
		832341AE1AAA6A7D00B99B32 /* Libraries */ = {
			isa = PBXGroup;
			children = (
			);
			name = Libraries;
			sourceTree = "<group>";
		};
		83CBB9F61A601CBA00E9B192 = {
			isa = PBXGroup;
			children = (
				13B07FAE1A68108700A75B9A /* BBTest */,
				832341AE1AAA6A7D00B99B32 /* Libraries */,
				00E356EF1AD99517003FC87E /* BBTestTests */,
				83CBBA001A601CBA00E9B192 /* Products */,
				2D16E6871FA4F8E400B85C8A /* Frameworks */,
				034CAFEA358CBADA79F27C47 /* Pods */,
			);
			indentWidth = 2;
			sourceTree = "<group>";
			tabWidth = 2;
			usesTabs = 0;
		};
		83CBBA001A601CBA00E9B192 /* Products */ = {
			isa = PBXGroup;
			children = (
				13B07F961A680F5B00A75B9A /* BBTest.app */,
				00E356EE1AD99517003FC87E /* BBTestTests.xctest */,
			);
			name = Products;
			sourceTree = "<group>";
		};
		FE1E4B00178D219706F58535 /* iOS */ = {
			isa = PBXGroup;
			children = (
				54A9EDBE0A061D8790CF37BC /* WebKit.framework */,
				F82C7BAA2E345570BDE5A83D /* LocalAuthentication.framework */,
				0D7484F11EDF49CBD524554B /* DeviceCheck.framework */,
				6E3B10ABA5C8C20B8BF88449 /* CFNetwork.framework */,
				0BEDEE7BFA9CD2D684B1E6C0 /* CoreData.framework */,
				26ED3679A1B2F5375B3019F0 /* CoreTelephony.framework */,
				EDD638BCB0E41A51D2385084 /* QuartzCore.framework */,
				AE31C51302E80AAA8D26496D /* Security.framework */,
				64701A28055D10454215818E /* MessageUI.framework */,
				12A070578E946F234025D52E /* SystemConfiguration.framework */,
				02D8A0B34FFABC6E6B73ADFE /* MobileCoreServices.framework */,
				FCF7BF3463BD717681166D03 /* CoreGraphics.framework */,
				DA492311BF01D9CA3744B1F8 /* AssetsLibrary.framework */,
				11E569CBA43369E659E2347F /* SafariServices.framework */,
				3942BEEAA05D4505A6DFC439 /* AuthenticationServices.framework */,
			);
			name = iOS;
			sourceTree = "<group>";
		};
/* End PBXGroup section */

/* Begin PBXNativeTarget section */
		00E356ED1AD99517003FC87E /* BBTestTests */ = {
			isa = PBXNativeTarget;
			buildConfigurationList = 00E357021AD99517003FC87E /* Build configuration list for PBXNativeTarget "BBTestTests" */;
			buildPhases = (
				E4ADB387E6260588D600A99A /* [CP] Check Pods Manifest.lock */,
				00E356EA1AD99517003FC87E /* Sources */,
				00E356EB1AD99517003FC87E /* Frameworks */,
				00E356EC1AD99517003FC87E /* Resources */,
				628A5D65219F5BD279B096C0 /* [CP] Embed Pods Frameworks */,
				3209F635E1FD38C3506DC37A /* [CP] Copy Pods Resources */,
			);
			buildRules = (
			);
			dependencies = (
				00E356F51AD99517003FC87E /* PBXTargetDependency */,
			);
			name = BBTestTests;
			productName = BBTestTests;
			productReference = 00E356EE1AD99517003FC87E /* BBTestTests.xctest */;
			productType = "com.apple.product-type.bundle.unit-test";
		};
		13B07F861A680F5B00A75B9A /* BBTest */ = {
			isa = PBXNativeTarget;
			buildConfigurationList = 13B07F931A680F5B00A75B9A /* Build configuration list for PBXNativeTarget "BBTest" */;
			buildPhases = (
				6CD988EBC41A5B71B6C5DD5E /* [CP] Check Pods Manifest.lock */,
				FD10A7F022414F080027D42C /* Start Packager */,
				13B07F871A680F5B00A75B9A /* Sources */,
				13B07F8C1A680F5B00A75B9A /* Frameworks */,
				13B07F8E1A680F5B00A75B9A /* Resources */,
				00DD1BFF1BD5951E006B06BC /* Bundle React Native code and images */,
				3DF998EE1B6AB29702C2FBC2 /* [CP] Embed Pods Frameworks */,
				AB01B149DF8ECB6DC86D4B1E /* [CP] Copy Pods Resources */,
			);
			buildRules = (
			);
			dependencies = (
			);
			name = BBTest;
			productName = BBTest;
			productReference = 13B07F961A680F5B00A75B9A /* BBTest.app */;
			productType = "com.apple.product-type.application";
		};
/* End PBXNativeTarget section */

/* Begin PBXProject section */
		83CBB9F71A601CBA00E9B192 /* Project object */ = {
			isa = PBXProject;
			attributes = {
				LastUpgradeCheck = 1210;
				TargetAttributes = {
					00E356ED1AD99517003FC87E = {
						CreatedOnToolsVersion = 6.2;
						TestTargetID = 13B07F861A680F5B00A75B9A;
					};
					13B07F861A680F5B00A75B9A = {
						LastSwiftMigration = 1120;
					};
				};
			};
			buildConfigurationList = 83CBB9FA1A601CBA00E9B192 /* Build configuration list for PBXProject "BBTest" */;
			compatibilityVersion = "Xcode 12.0";
			developmentRegion = en;
			hasScannedForEncodings = 0;
			knownRegions = (
				en,
				Base,
				da,
				de,
				es,
				fr,
				it,
				ja,
				ko,
				nl,
				"pt-PT",
				pt,
				sv,
				"zh-Hans",
			);
			mainGroup = 83CBB9F61A601CBA00E9B192;
			productRefGroup = 83CBBA001A601CBA00E9B192 /* Products */;
			projectDirPath = "";
			projectRoot = "";
			targets = (
				13B07F861A680F5B00A75B9A /* BBTest */,
				00E356ED1AD99517003FC87E /* BBTestTests */,
			);
		};
/* End PBXProject section */

/* Begin PBXResourcesBuildPhase section */
		00E356EC1AD99517003FC87E /* Resources */ = {
			isa = PBXResourcesBuildPhase;
			buildActionMask = 2147483647;
			files = (
			);
			runOnlyForDeploymentPostprocessing = 0;
		};
		13B07F8E1A680F5B00A75B9A /* Resources */ = {
			isa = PBXResourcesBuildPhase;
			buildActionMask = 2147483647;
			files = (
				81AB9BB82411601600AC10FF /* LaunchScreen.storyboard in Resources */,
				13B07FBF1A68108700A75B9A /* Images.xcassets in Resources */,
				D0BD53A1832DF2773DC00610 /* development-tools-info.json in Resources */,
				E326987B6FD8190AD882BBCB /* InfoPlist.strings in Resources */,
			);
			runOnlyForDeploymentPostprocessing = 0;
		};
/* End PBXResourcesBuildPhase section */

/* Begin PBXShellScriptBuildPhase section */
		00DD1BFF1BD5951E006B06BC /* Bundle React Native code and images */ = {
			isa = PBXShellScriptBuildPhase;
			buildActionMask = 2147483647;
			files = (
			);
			inputPaths = (
			);
			name = "Bundle React Native code and images";
			outputPaths = (
			);
			runOnlyForDeploymentPostprocessing = 0;
			shellPath = /bin/sh;
			shellScript = "set -e\n\nexport NODE_BINARY=node\n../node_modules/react-native/scripts/react-native-xcode.sh\n";
		};
		3209F635E1FD38C3506DC37A /* [CP] Copy Pods Resources */ = {
			isa = PBXShellScriptBuildPhase;
			buildActionMask = 2147483647;
			files = (
			);
			inputFileListPaths = (
				"${PODS_ROOT}/Target Support Files/Pods-BBTest-BBTestTests/Pods-BBTest-BBTestTests-resources-${CONFIGURATION}-input-files.xcfilelist",
			);
			name = "[CP] Copy Pods Resources";
			outputFileListPaths = (
				"${PODS_ROOT}/Target Support Files/Pods-BBTest-BBTestTests/Pods-BBTest-BBTestTests-resources-${CONFIGURATION}-output-files.xcfilelist",
			);
			runOnlyForDeploymentPostprocessing = 0;
			shellPath = /bin/sh;
			shellScript = "\"${PODS_ROOT}/Target Support Files/Pods-BBTest-BBTestTests/Pods-BBTest-BBTestTests-resources.sh\"\n";
			showEnvVarsInLog = 0;
		};
		3DF998EE1B6AB29702C2FBC2 /* [CP] Embed Pods Frameworks */ = {
			isa = PBXShellScriptBuildPhase;
			buildActionMask = 2147483647;
			files = (
			);
			inputFileListPaths = (
				"${PODS_ROOT}/Target Support Files/Pods-BBTest/Pods-BBTest-frameworks-${CONFIGURATION}-input-files.xcfilelist",
			);
			name = "[CP] Embed Pods Frameworks";
			outputFileListPaths = (
				"${PODS_ROOT}/Target Support Files/Pods-BBTest/Pods-BBTest-frameworks-${CONFIGURATION}-output-files.xcfilelist",
			);
			runOnlyForDeploymentPostprocessing = 0;
			shellPath = /bin/sh;
			shellScript = "\"${PODS_ROOT}/Target Support Files/Pods-BBTest/Pods-BBTest-frameworks.sh\"\n";
			showEnvVarsInLog = 0;
		};
		628A5D65219F5BD279B096C0 /* [CP] Embed Pods Frameworks */ = {
			isa = PBXShellScriptBuildPhase;
			buildActionMask = 2147483647;
			files = (
			);
			inputFileListPaths = (
				"${PODS_ROOT}/Target Support Files/Pods-BBTest-BBTestTests/Pods-BBTest-BBTestTests-frameworks-${CONFIGURATION}-input-files.xcfilelist",
			);
			name = "[CP] Embed Pods Frameworks";
			outputFileListPaths = (
				"${PODS_ROOT}/Target Support Files/Pods-BBTest-BBTestTests/Pods-BBTest-BBTestTests-frameworks-${CONFIGURATION}-output-files.xcfilelist",
			);
			runOnlyForDeploymentPostprocessing = 0;
			shellPath = /bin/sh;
			shellScript = "\"${PODS_ROOT}/Target Support Files/Pods-BBTest-BBTestTests/Pods-BBTest-BBTestTests-frameworks.sh\"\n";
			showEnvVarsInLog = 0;
		};
		6CD988EBC41A5B71B6C5DD5E /* [CP] Check Pods Manifest.lock */ = {
			isa = PBXShellScriptBuildPhase;
			buildActionMask = 2147483647;
			files = (
			);
			inputFileListPaths = (
			);
			inputPaths = (
				"${PODS_PODFILE_DIR_PATH}/Podfile.lock",
				"${PODS_ROOT}/Manifest.lock",
			);
			name = "[CP] Check Pods Manifest.lock";
			outputFileListPaths = (
			);
			outputPaths = (
				"$(DERIVED_FILE_DIR)/Pods-BBTest-checkManifestLockResult.txt",
			);
			runOnlyForDeploymentPostprocessing = 0;
			shellPath = /bin/sh;
			shellScript = "diff \"${PODS_PODFILE_DIR_PATH}/Podfile.lock\" \"${PODS_ROOT}/Manifest.lock\" > /dev/null\nif [ $? != 0 ] ; then\n    # print error to STDERR\n    echo \"error: The sandbox is not in sync with the Podfile.lock. Run 'pod install' or update your CocoaPods installation.\" >&2\n    exit 1\nfi\n# This output is used by Xcode 'outputs' to avoid re-running this script phase.\necho \"SUCCESS\" > \"${SCRIPT_OUTPUT_FILE_0}\"\n";
			showEnvVarsInLog = 0;
		};
		AB01B149DF8ECB6DC86D4B1E /* [CP] Copy Pods Resources */ = {
			isa = PBXShellScriptBuildPhase;
			buildActionMask = 2147483647;
			files = (
			);
			inputFileListPaths = (
				"${PODS_ROOT}/Target Support Files/Pods-BBTest/Pods-BBTest-resources-${CONFIGURATION}-input-files.xcfilelist",
			);
			name = "[CP] Copy Pods Resources";
			outputFileListPaths = (
				"${PODS_ROOT}/Target Support Files/Pods-BBTest/Pods-BBTest-resources-${CONFIGURATION}-output-files.xcfilelist",
			);
			runOnlyForDeploymentPostprocessing = 0;
			shellPath = /bin/sh;
			shellScript = "\"${PODS_ROOT}/Target Support Files/Pods-BBTest/Pods-BBTest-resources.sh\"\n";
			showEnvVarsInLog = 0;
		};
		E4ADB387E6260588D600A99A /* [CP] Check Pods Manifest.lock */ = {
			isa = PBXShellScriptBuildPhase;
			buildActionMask = 2147483647;
			files = (
			);
			inputFileListPaths = (
			);
			inputPaths = (
				"${PODS_PODFILE_DIR_PATH}/Podfile.lock",
				"${PODS_ROOT}/Manifest.lock",
			);
			name = "[CP] Check Pods Manifest.lock";
			outputFileListPaths = (
			);
			outputPaths = (
				"$(DERIVED_FILE_DIR)/Pods-BBTest-BBTestTests-checkManifestLockResult.txt",
			);
			runOnlyForDeploymentPostprocessing = 0;
			shellPath = /bin/sh;
			shellScript = "diff \"${PODS_PODFILE_DIR_PATH}/Podfile.lock\" \"${PODS_ROOT}/Manifest.lock\" > /dev/null\nif [ $? != 0 ] ; then\n    # print error to STDERR\n    echo \"error: The sandbox is not in sync with the Podfile.lock. Run 'pod install' or update your CocoaPods installation.\" >&2\n    exit 1\nfi\n# This output is used by Xcode 'outputs' to avoid re-running this script phase.\necho \"SUCCESS\" > \"${SCRIPT_OUTPUT_FILE_0}\"\n";
			showEnvVarsInLog = 0;
		};
		FD10A7F022414F080027D42C /* Start Packager */ = {
			isa = PBXShellScriptBuildPhase;
			buildActionMask = 2147483647;
			files = (
			);
			inputFileListPaths = (
			);
			inputPaths = (
			);
			name = "Start Packager";
			outputFileListPaths = (
			);
			outputPaths = (
			);
			runOnlyForDeploymentPostprocessing = 0;
			shellPath = /bin/sh;
			shellScript = "export RCT_METRO_PORT=\"${RCT_METRO_PORT:=8081}\"\necho \"export RCT_METRO_PORT=${RCT_METRO_PORT}\" > \"${SRCROOT}/../node_modules/react-native/scripts/.packager.env\"\nif [ -z \"${RCT_NO_LAUNCH_PACKAGER+xxx}\" ] ; then\n  if nc -w 5 -z localhost ${RCT_METRO_PORT} ; then\n    if ! curl -s \"http://localhost:${RCT_METRO_PORT}/status\" | grep -q \"packager-status:running\" ; then\n      echo \"Port ${RCT_METRO_PORT} already in use, packager is either not running or not running correctly\"\n      exit 2\n    fi\n  else\n    open \"$SRCROOT/../node_modules/react-native/scripts/launchPackager.command\" || echo \"Can't start packager automatically\"\n  fi\nfi\n";
			showEnvVarsInLog = 0;
		};
/* End PBXShellScriptBuildPhase section */

/* Begin PBXSourcesBuildPhase section */
		00E356EA1AD99517003FC87E /* Sources */ = {
			isa = PBXSourcesBuildPhase;
			buildActionMask = 2147483647;
			files = (
				00E356F31AD99517003FC87E /* BBTestTests.m in Sources */,
			);
			runOnlyForDeploymentPostprocessing = 0;
		};
		13B07F871A680F5B00A75B9A /* Sources */ = {
			isa = PBXSourcesBuildPhase;
			buildActionMask = 2147483647;
			files = (
				13B07FBC1A68108700A75B9A /* AppDelegate.m in Sources */,
				13B07FC11A68108700A75B9A /* main.m in Sources */,
			);
			runOnlyForDeploymentPostprocessing = 0;
		};
/* End PBXSourcesBuildPhase section */

/* Begin PBXTargetDependency section */
		00E356F51AD99517003FC87E /* PBXTargetDependency */ = {
			isa = PBXTargetDependency;
			target = 13B07F861A680F5B00A75B9A /* BBTest */;
			targetProxy = 00E356F41AD99517003FC87E /* PBXContainerItemProxy */;
		};
/* End PBXTargetDependency section */

/* Begin PBXVariantGroup section */
		1E095D2CBF96861BF5201E89 /* InfoPlist.strings */ = {
			isa = PBXVariantGroup;
			children = (
				EE22C7216F38FFDE8FA929FB /* InfoPlist.strings */,
				16063D190746F10D15983019 /* InfoPlist.strings */,
				9A1BAA9F314D2D5E2A76BC17 /* InfoPlist.strings */,
				301DCB08889A5BE811138874 /* InfoPlist.strings */,
				A04F70FD8D28A9B09A90DCD5 /* InfoPlist.strings */,
				5C41A6AC07DFEFC54DAC6751 /* InfoPlist.strings */,
				119C144E942798E8B4B6EA99 /* InfoPlist.strings */,
				9150833D81AACCF53339A720 /* InfoPlist.strings */,
				7ED756FC05D4DBAD30885D4B /* InfoPlist.strings */,
				368EF86A2990B1CBF2D7FC31 /* InfoPlist.strings */,
				C158F0B1F3D95213C46271F5 /* InfoPlist.strings */,
				A9C2B50CDB2F9DF4ADC2C6BB /* InfoPlist.strings */,
				257C7FA0C2B157855E305E82 /* InfoPlist.strings */,
			);
			name = InfoPlist.strings;
			sourceTree = "<group>";
		};
/* End PBXVariantGroup section */

/* Begin XCBuildConfiguration section */
		00E356F61AD99517003FC87E /* Debug */ = {
			isa = XCBuildConfiguration;
			baseConfigurationReference = 725EAA14C6188CFFA7E40A63 /* Pods-BBTest-BBTestTests.debug.xcconfig */;
			buildSettings = {
				BUNDLE_LOADER = "$(TEST_HOST)";
				GCC_PREPROCESSOR_DEFINITIONS = (
					"DEBUG=1",
					"$(inherited)",
				);
				INFOPLIST_FILE = BBTestTests/Info.plist;
				IPHONEOS_DEPLOYMENT_TARGET = 11.0;
				LD_RUNPATH_SEARCH_PATHS = (
					"$(inherited)",
					"@executable_path/Frameworks",
					"@loader_path/Frameworks",
				);
				OTHER_LDFLAGS = (
					"-ObjC",
					"-lc++",
					"$(inherited)",
				);
				PRODUCT_BUNDLE_IDENTIFIER = "org.reactjs.native.example.$(PRODUCT_NAME:rfc1034identifier)";
				PRODUCT_NAME = "$(TARGET_NAME)";
				TEST_HOST = "$(BUILT_PRODUCTS_DIR)/BBTest.app/BBTest";
			};
			name = Debug;
		};
		00E356F71AD99517003FC87E /* Release */ = {
			isa = XCBuildConfiguration;
			baseConfigurationReference = AF98DEFC67E3B455B919F030 /* Pods-BBTest-BBTestTests.release.xcconfig */;
			buildSettings = {
				BUNDLE_LOADER = "$(TEST_HOST)";
				COPY_PHASE_STRIP = NO;
				INFOPLIST_FILE = BBTestTests/Info.plist;
				IPHONEOS_DEPLOYMENT_TARGET = 11.0;
				LD_RUNPATH_SEARCH_PATHS = (
					"$(inherited)",
					"@executable_path/Frameworks",
					"@loader_path/Frameworks",
				);
				OTHER_LDFLAGS = (
					"-ObjC",
					"-lc++",
					"$(inherited)",
				);
				PRODUCT_BUNDLE_IDENTIFIER = "org.reactjs.native.example.$(PRODUCT_NAME:rfc1034identifier)";
				PRODUCT_NAME = "$(TARGET_NAME)";
				TEST_HOST = "$(BUILT_PRODUCTS_DIR)/BBTest.app/BBTest";
			};
			name = Release;
		};
		13B07F941A680F5B00A75B9A /* Debug */ = {
			isa = XCBuildConfiguration;
			baseConfigurationReference = E4E64C60ABA2410F7998B5B2 /* Pods-BBTest.debug.xcconfig */;
			buildSettings = {
				ASSETCATALOG_COMPILER_APPICON_NAME = AppIcon;
				CLANG_ENABLE_MODULES = YES;
				CURRENT_PROJECT_VERSION = 1;
				ENABLE_BITCODE = NO;
				INFOPLIST_FILE = BBTest/Info.plist;
				LD_RUNPATH_SEARCH_PATHS = (
					/usr/lib/swift,
					"@executable_path/Frameworks",
				);
				LIBRARY_SEARCH_PATHS = (
					"$(SDK_DIR)/usr/lib/swift",
					"$(TOOLCHAIN_DIR)/usr/lib/swift/$(PLATFORM_NAME)",
					"$(inherited)",
				);
				OTHER_LDFLAGS = (
					"$(inherited)",
					"-ObjC",
					"-lc++",
				);
				PRODUCT_BUNDLE_IDENTIFIER = com.leapxpert.leap.work.emm;
				PRODUCT_NAME = BBTest;
				SWIFT_OPTIMIZATION_LEVEL = "-Onone";
				SWIFT_VERSION = 5.0;
				VALIDATE_WORKSPACE = YES;
				VERSIONING_SYSTEM = "apple-generic";
			};
			name = Debug;
		};
		13B07F951A680F5B00A75B9A /* Release */ = {
			isa = XCBuildConfiguration;
			baseConfigurationReference = A358DD86E3BCD9C8FF9A5DA2 /* Pods-BBTest.release.xcconfig */;
			buildSettings = {
				ASSETCATALOG_COMPILER_APPICON_NAME = AppIcon;
				CLANG_ENABLE_MODULES = YES;
				CURRENT_PROJECT_VERSION = 1;
				ENABLE_BITCODE = NO;
				INFOPLIST_FILE = BBTest/Info.plist;
				LD_RUNPATH_SEARCH_PATHS = (
					/usr/lib/swift,
					"@executable_path/Frameworks",
				);
				LIBRARY_SEARCH_PATHS = (
					"$(SDK_DIR)/usr/lib/swift",
					"$(TOOLCHAIN_DIR)/usr/lib/swift/$(PLATFORM_NAME)",
					"$(inherited)",
				);
				OTHER_LDFLAGS = (
					"$(inherited)",
					"-ObjC",
					"-lc++",
				);
				PRODUCT_BUNDLE_IDENTIFIER = com.leapxpert.leap.work.emm;
				PRODUCT_NAME = BBTest;
				SWIFT_VERSION = 5.0;
				VALIDATE_WORKSPACE = YES;
				VERSIONING_SYSTEM = "apple-generic";
			};
			name = Release;
		};
		83CBBA201A601CBA00E9B192 /* Debug */ = {
			isa = XCBuildConfiguration;
			buildSettings = {
				ALWAYS_SEARCH_USER_PATHS = NO;
				CLANG_ANALYZER_LOCALIZABILITY_NONLOCALIZED = YES;
				CLANG_CXX_LANGUAGE_STANDARD = "gnu++0x";
				CLANG_CXX_LIBRARY = "libc++";
				CLANG_ENABLE_MODULES = YES;
				CLANG_ENABLE_OBJC_ARC = YES;
				CLANG_WARN_BLOCK_CAPTURE_AUTORELEASING = YES;
				CLANG_WARN_BOOL_CONVERSION = YES;
				CLANG_WARN_COMMA = YES;
				CLANG_WARN_CONSTANT_CONVERSION = YES;
				CLANG_WARN_DEPRECATED_OBJC_IMPLEMENTATIONS = YES;
				CLANG_WARN_DIRECT_OBJC_ISA_USAGE = YES_ERROR;
				CLANG_WARN_EMPTY_BODY = YES;
				CLANG_WARN_ENUM_CONVERSION = YES;
				CLANG_WARN_INFINITE_RECURSION = YES;
				CLANG_WARN_INT_CONVERSION = YES;
				CLANG_WARN_NON_LITERAL_NULL_CONVERSION = YES;
				CLANG_WARN_OBJC_IMPLICIT_RETAIN_SELF = YES;
				CLANG_WARN_OBJC_LITERAL_CONVERSION = YES;
				CLANG_WARN_OBJC_ROOT_CLASS = YES_ERROR;
				CLANG_WARN_QUOTED_INCLUDE_IN_FRAMEWORK_HEADER = YES;
				CLANG_WARN_RANGE_LOOP_ANALYSIS = YES;
				CLANG_WARN_STRICT_PROTOTYPES = YES;
				CLANG_WARN_SUSPICIOUS_MOVE = YES;
				CLANG_WARN_UNREACHABLE_CODE = YES;
				CLANG_WARN__DUPLICATE_METHOD_MATCH = YES;
				"CODE_SIGN_IDENTITY[sdk=iphoneos*]" = "iPhone Developer";
				COPY_PHASE_STRIP = NO;
				ENABLE_STRICT_OBJC_MSGSEND = YES;
				ENABLE_TESTABILITY = YES;
				"EXCLUDED_ARCHS[sdk=iphonesimulator*]" = "arm64 ";
				GCC_C_LANGUAGE_STANDARD = gnu99;
				GCC_DYNAMIC_NO_PIC = NO;
				GCC_NO_COMMON_BLOCKS = YES;
				GCC_OPTIMIZATION_LEVEL = 0;
				GCC_PREPROCESSOR_DEFINITIONS = (
					"DEBUG=1",
					"$(inherited)",
				);
				GCC_SYMBOLS_PRIVATE_EXTERN = NO;
				GCC_WARN_64_TO_32_BIT_CONVERSION = YES;
				GCC_WARN_ABOUT_RETURN_TYPE = YES_ERROR;
				GCC_WARN_UNDECLARED_SELECTOR = YES;
				GCC_WARN_UNINITIALIZED_AUTOS = YES_AGGRESSIVE;
				GCC_WARN_UNUSED_FUNCTION = YES;
				GCC_WARN_UNUSED_VARIABLE = YES;
				IPHONEOS_DEPLOYMENT_TARGET = 11.0;
				LD_RUNPATH_SEARCH_PATHS = (
					/usr/lib/swift,
					"$(inherited)",
				);
				LIBRARY_SEARCH_PATHS = (
					"\"$(SDKROOT)/usr/lib/swift\"",
					"\"$(TOOLCHAIN_DIR)/usr/lib/swift/$(PLATFORM_NAME)\"",
					"\"$(TOOLCHAIN_DIR)/usr/lib/swift-5.0/$(PLATFORM_NAME)\"",
					"\"$(inherited)\"",
				);
				MTL_ENABLE_DEBUG_INFO = YES;
				ONLY_ACTIVE_ARCH = YES;
				SDKROOT = iphoneos;
			};
			name = Debug;
		};
		83CBBA211A601CBA00E9B192 /* Release */ = {
			isa = XCBuildConfiguration;
			buildSettings = {
				ALWAYS_SEARCH_USER_PATHS = NO;
				CLANG_ANALYZER_LOCALIZABILITY_NONLOCALIZED = YES;
				CLANG_CXX_LANGUAGE_STANDARD = "gnu++0x";
				CLANG_CXX_LIBRARY = "libc++";
				CLANG_ENABLE_MODULES = YES;
				CLANG_ENABLE_OBJC_ARC = YES;
				CLANG_WARN_BLOCK_CAPTURE_AUTORELEASING = YES;
				CLANG_WARN_BOOL_CONVERSION = YES;
				CLANG_WARN_COMMA = YES;
				CLANG_WARN_CONSTANT_CONVERSION = YES;
				CLANG_WARN_DEPRECATED_OBJC_IMPLEMENTATIONS = YES;
				CLANG_WARN_DIRECT_OBJC_ISA_USAGE = YES_ERROR;
				CLANG_WARN_EMPTY_BODY = YES;
				CLANG_WARN_ENUM_CONVERSION = YES;
				CLANG_WARN_INFINITE_RECURSION = YES;
				CLANG_WARN_INT_CONVERSION = YES;
				CLANG_WARN_NON_LITERAL_NULL_CONVERSION = YES;
				CLANG_WARN_OBJC_IMPLICIT_RETAIN_SELF = YES;
				CLANG_WARN_OBJC_LITERAL_CONVERSION = YES;
				CLANG_WARN_OBJC_ROOT_CLASS = YES_ERROR;
				CLANG_WARN_QUOTED_INCLUDE_IN_FRAMEWORK_HEADER = YES;
				CLANG_WARN_RANGE_LOOP_ANALYSIS = YES;
				CLANG_WARN_STRICT_PROTOTYPES = YES;
				CLANG_WARN_SUSPICIOUS_MOVE = YES;
				CLANG_WARN_UNREACHABLE_CODE = YES;
				CLANG_WARN__DUPLICATE_METHOD_MATCH = YES;
				"CODE_SIGN_IDENTITY[sdk=iphoneos*]" = "iPhone Developer";
				COPY_PHASE_STRIP = YES;
				ENABLE_NS_ASSERTIONS = NO;
				ENABLE_STRICT_OBJC_MSGSEND = YES;
				"EXCLUDED_ARCHS[sdk=iphonesimulator*]" = "arm64 ";
				GCC_C_LANGUAGE_STANDARD = gnu99;
				GCC_NO_COMMON_BLOCKS = YES;
				GCC_WARN_64_TO_32_BIT_CONVERSION = YES;
				GCC_WARN_ABOUT_RETURN_TYPE = YES_ERROR;
				GCC_WARN_UNDECLARED_SELECTOR = YES;
				GCC_WARN_UNINITIALIZED_AUTOS = YES_AGGRESSIVE;
				GCC_WARN_UNUSED_FUNCTION = YES;
				GCC_WARN_UNUSED_VARIABLE = YES;
				IPHONEOS_DEPLOYMENT_TARGET = 11.0;
				LD_RUNPATH_SEARCH_PATHS = (
					/usr/lib/swift,
					"$(inherited)",
				);
				LIBRARY_SEARCH_PATHS = (
					"\"$(SDKROOT)/usr/lib/swift\"",
					"\"$(TOOLCHAIN_DIR)/usr/lib/swift/$(PLATFORM_NAME)\"",
					"\"$(TOOLCHAIN_DIR)/usr/lib/swift-5.0/$(PLATFORM_NAME)\"",
					"\"$(inherited)\"",
				);
				MTL_ENABLE_DEBUG_INFO = NO;
				SDKROOT = iphoneos;
				VALIDATE_PRODUCT = YES;
			};
			name = Release;
		};
/* End XCBuildConfiguration section */

/* Begin XCConfigurationList section */
		00E357021AD99517003FC87E /* Build configuration list for PBXNativeTarget "BBTestTests" */ = {
			isa = XCConfigurationList;
			buildConfigurations = (
				00E356F61AD99517003FC87E /* Debug */,
				00E356F71AD99517003FC87E /* Release */,
			);
			defaultConfigurationIsVisible = 0;
			defaultConfigurationName = Release;
		};
		13B07F931A680F5B00A75B9A /* Build configuration list for PBXNativeTarget "BBTest" */ = {
			isa = XCConfigurationList;
			buildConfigurations = (
				13B07F941A680F5B00A75B9A /* Debug */,
				13B07F951A680F5B00A75B9A /* Release */,
			);
			defaultConfigurationIsVisible = 0;
			defaultConfigurationName = Release;
		};
		83CBB9FA1A601CBA00E9B192 /* Build configuration list for PBXProject "BBTest" */ = {
			isa = XCConfigurationList;
			buildConfigurations = (
				83CBBA201A601CBA00E9B192 /* Debug */,
				83CBBA211A601CBA00E9B192 /* Release */,
			);
			defaultConfigurationIsVisible = 0;
			defaultConfigurationName = Release;
		};
/* End XCConfigurationList section */
	};
	rootObject = 83CBB9F71A601CBA00E9B192 /* Project object */;
}
